{
  "originHash" : "7686f38d44c42901c22df5b639b02d2d6fe43bdf2f07d5aff5a1d44325e832f6",
  "pins" : [
    {
      "identity" : "swift-snapshot-testing-with-traits",
      "kind" : "remoteSourceControl",
      "location" : "https://github.com/bok-/swift-snapshot-testing-with-traits",
      "state" : {
        "revision" : "4071e8f1a5f95de26a8187c53acc6bfb05869b9e",
        "version" : "1.18.7"
      }
    },
    {
      "identity" : "swift-syntax",
      "kind" : "remoteSourceControl",
      "location" : "https://github.com/swiftlang/swift-syntax",
      "state" : {
        "revision" : "4799286537280063c85a32f09884cfbca301b1a1",
        "version" : "602.0.0"
      }
    }
  ],
  "version" : 3
}
